
Microsoft Visual Studio Solution File, Format Version 12.00
Project("{2150E333-8FDC-42A3-9474-1A3956D46DE8}") = "lib", "lib", "{53A1C133-0E86-47C0-93C0-2F94C68AD7AC}"
EndProject
Project("{2150E333-8FDC-42A3-9474-1A3956D46DE8}") = "test", "test", "{90C45B68-6309-4CBB-B7F7-802550F20940}"
EndProject
Project("{FAE04EC0-301F-11D3-BF4B-00C04F79EFBC}") = "Identity.Mongo", "lib\Identity.Mongo\Identity.Mongo.csproj", "{2EA94171-A1A8-4816-9CA1-443549E27D88}"
EndProject
Project("{FAE04EC0-301F-11D3-BF4B-00C04F79EFBC}") = "MockApp", "test\MockApp\MockApp.csproj", "{56DEB447-0B76-4987-B46E-E9A0F2D31BE8}"
EndProject
Project("{FAE04EC0-301F-11D3-BF4B-00C04F79EFBC}") = "Test.Identity.Mongo", "test\Test.Identity.Mongo\Test.Identity.Mongo.csproj", "{D468A540-4B99-4023-892B-670F0DC4DDEA}"
EndProject
Global
	GlobalSection(SolutionConfigurationPlatforms) = preSolution
		Debug|Any CPU = Debug|Any CPU
		Release|Any CPU = Release|Any CPU
	EndGlobalSection
	GlobalSection(NestedProjects) = preSolution
		{2EA94171-A1A8-4816-9CA1-443549E27D88} = {53A1C133-0E86-47C0-93C0-2F94C68AD7AC}
		{56DEB447-0B76-4987-B46E-E9A0F2D31BE8} = {90C45B68-6309-4CBB-B7F7-802550F20940}
		{D468A540-4B99-4023-892B-670F0DC4DDEA} = {90C45B68-6309-4CBB-B7F7-802550F20940}
	EndGlobalSection
	GlobalSection(ProjectConfigurationPlatforms) = postSolution
		{2EA94171-A1A8-4816-9CA1-443549E27D88}.Debug|Any CPU.ActiveCfg = Debug|Any CPU
		{2EA94171-A1A8-4816-9CA1-443549E27D88}.Debug|Any CPU.Build.0 = Debug|Any CPU
		{2EA94171-A1A8-4816-9CA1-443549E27D88}.Release|Any CPU.ActiveCfg = Release|Any CPU
		{2EA94171-A1A8-4816-9CA1-443549E27D88}.Release|Any CPU.Build.0 = Release|Any CPU
		{56DEB447-0B76-4987-B46E-E9A0F2D31BE8}.Debug|Any CPU.ActiveCfg = Debug|Any CPU
		{56DEB447-0B76-4987-B46E-E9A0F2D31BE8}.Debug|Any CPU.Build.0 = Debug|Any CPU
		{56DEB447-0B76-4987-B46E-E9A0F2D31BE8}.Release|Any CPU.ActiveCfg = Release|Any CPU
		{56DEB447-0B76-4987-B46E-E9A0F2D31BE8}.Release|Any CPU.Build.0 = Release|Any CPU
		{D468A540-4B99-4023-892B-670F0DC4DDEA}.Debug|Any CPU.ActiveCfg = Debug|Any CPU
		{D468A540-4B99-4023-892B-670F0DC4DDEA}.Debug|Any CPU.Build.0 = Debug|Any CPU
		{D468A540-4B99-4023-892B-670F0DC4DDEA}.Release|Any CPU.ActiveCfg = Release|Any CPU
		{D468A540-4B99-4023-892B-670F0DC4DDEA}.Release|Any CPU.Build.0 = Release|Any CPU
	EndGlobalSection
EndGlobal
